
Microsoft Visual Studio Solution File, Format Version 12.00
# Visual Studio 15
Project("{FAE04EC0-301F-11D3-BF4B-00C04F79EFBC}") = "ActionSlot UI", "Assembly-CSharp.csproj", "{274A4E62-D55E-B549-2FD1-BD80DC400DC8}"
EndProject
Project("{FAE04EC0-301F-11D3-BF4B-00C04F79EFBC}") = "ActionSlot UI", "Assembly-CSharp-Editor.csproj", "{F81E91DE-AA30-5528-D6F3-E43697E30EB4}"
EndProject
Global
	GlobalSection(SolutionConfigurationPlatforms) = preSolution
		Debug|Any CPU = Debug|Any CPU
		Release|Any CPU = Release|Any CPU
	EndGlobalSection
	GlobalSection(ProjectConfigurationPlatforms) = postSolution
		{274A4E62-D55E-B549-2FD1-BD80DC400DC8}.Debug|Any CPU.ActiveCfg = Debug|Any CPU
		{274A4E62-D55E-B549-2FD1-BD80DC400DC8}.Debug|Any CPU.Build.0 = Debug|Any CPU
		{274A4E62-D55E-B549-2FD1-BD80DC400DC8}.Release|Any CPU.ActiveCfg = Release|Any CPU
		{274A4E62-D55E-B549-2FD1-BD80DC400DC8}.Release|Any CPU.Build.0 = Release|Any CPU
		{F81E91DE-AA30-5528-D6F3-E43697E30EB4}.Debug|Any CPU.ActiveCfg = Debug|Any CPU
		{F81E91DE-AA30-5528-D6F3-E43697E30EB4}.Debug|Any CPU.Build.0 = Debug|Any CPU
		{F81E91DE-AA30-5528-D6F3-E43697E30EB4}.Release|Any CPU.ActiveCfg = Release|Any CPU
		{F81E91DE-AA30-5528-D6F3-E43697E30EB4}.Release|Any CPU.Build.0 = Release|Any CPU
	EndGlobalSection
	GlobalSection(SolutionProperties) = preSolution
		HideSolutionNode = FALSE
	EndGlobalSection
EndGlobal
